
Microsoft Visual Studio Solution File, Format Version 12.00
# Visual Studio Version 17
VisualStudioVersion = 17.8.34330.188
MinimumVisualStudioVersion = 10.0.40219.1
Project("{FAE04EC0-301F-11D3-BF4B-00C04F79EFBC}") = "Week4Notes", "Week4Notes\Week4Notes.csproj", "{AB56804B-FBFA-474A-8109-9398ED33CEB6}"
EndProject
Global
	GlobalSection(SolutionConfigurationPlatforms) = preSolution
		Debug|Any CPU = Debug|Any CPU
		Release|Any CPU = Release|Any CPU
	EndGlobalSection
	GlobalSection(ProjectConfigurationPlatforms) = postSolution
		{AB56804B-FBFA-474A-8109-9398ED33CEB6}.Debug|Any CPU.ActiveCfg = Debug|Any CPU
		{AB56804B-FBFA-474A-8109-9398ED33CEB6}.Debug|Any CPU.Build.0 = Debug|Any CPU
		{AB56804B-FBFA-474A-8109-9398ED33CEB6}.Release|Any CPU.ActiveCfg = Release|Any CPU
		{AB56804B-FBFA-474A-8109-9398ED33CEB6}.Release|Any CPU.Build.0 = Release|Any CPU
	EndGlobalSection
	GlobalSection(SolutionProperties) = preSolution
		HideSolutionNode = FALSE
	EndGlobalSection
	GlobalSection(ExtensibilityGlobals) = postSolution
		SolutionGuid = {A59AA1F1-02A0-4A8D-AD8C-BE2E9C795097}
	EndGlobalSection
EndGlobal
