
Microsoft Visual Studio Solution File, Format Version 12.00
# Visual Studio Version 17
VisualStudioVersion = 17.8.34330.188
MinimumVisualStudioVersion = 10.0.40219.1
Project("{FAE04EC0-301F-11D3-BF4B-00C04F79EFBC}") = "week2Methods", "week2Methods\week2Methods.csproj", "{83B3745C-CFD3-474D-8EF4-9BE3D53A9ED8}"
EndProject
Global
	GlobalSection(SolutionConfigurationPlatforms) = preSolution
		Debug|Any CPU = Debug|Any CPU
		Release|Any CPU = Release|Any CPU
	EndGlobalSection
	GlobalSection(ProjectConfigurationPlatforms) = postSolution
		{83B3745C-CFD3-474D-8EF4-9BE3D53A9ED8}.Debug|Any CPU.ActiveCfg = Debug|Any CPU
		{83B3745C-CFD3-474D-8EF4-9BE3D53A9ED8}.Debug|Any CPU.Build.0 = Debug|Any CPU
		{83B3745C-CFD3-474D-8EF4-9BE3D53A9ED8}.Release|Any CPU.ActiveCfg = Release|Any CPU
		{83B3745C-CFD3-474D-8EF4-9BE3D53A9ED8}.Release|Any CPU.Build.0 = Release|Any CPU
	EndGlobalSection
	GlobalSection(SolutionProperties) = preSolution
		HideSolutionNode = FALSE
	EndGlobalSection
	GlobalSection(ExtensibilityGlobals) = postSolution
		SolutionGuid = {085C0535-B4A8-488A-A52B-0DBE9AF0F56E}
	EndGlobalSection
EndGlobal
