
Microsoft Visual Studio Solution File, Format Version 12.00
# Visual Studio Version 17
VisualStudioVersion = 17.8.34330.188
MinimumVisualStudioVersion = 10.0.40219.1
Project("{FAE04EC0-301F-11D3-BF4B-00C04F79EFBC}") = "UnitFourCode", "UnitFourCode\UnitFourCode.csproj", "{7312ADD5-D5BD-4A0B-A031-1280B2C82665}"
EndProject
Global
	GlobalSection(SolutionConfigurationPlatforms) = preSolution
		Debug|Any CPU = Debug|Any CPU
		Release|Any CPU = Release|Any CPU
	EndGlobalSection
	GlobalSection(ProjectConfigurationPlatforms) = postSolution
		{7312ADD5-D5BD-4A0B-A031-1280B2C82665}.Debug|Any CPU.ActiveCfg = Debug|Any CPU
		{7312ADD5-D5BD-4A0B-A031-1280B2C82665}.Debug|Any CPU.Build.0 = Debug|Any CPU
		{7312ADD5-D5BD-4A0B-A031-1280B2C82665}.Release|Any CPU.ActiveCfg = Release|Any CPU
		{7312ADD5-D5BD-4A0B-A031-1280B2C82665}.Release|Any CPU.Build.0 = Release|Any CPU
	EndGlobalSection
	GlobalSection(SolutionProperties) = preSolution
		HideSolutionNode = FALSE
	EndGlobalSection
	GlobalSection(ExtensibilityGlobals) = postSolution
		SolutionGuid = {51801537-25D5-4A1E-886E-E114CBA7DFC0}
	EndGlobalSection
EndGlobal
