
Microsoft Visual Studio Solution File, Format Version 12.00
# Visual Studio Version 17
VisualStudioVersion = 17.8.34330.188
MinimumVisualStudioVersion = 10.0.40219.1
Project("{FAE04EC0-301F-11D3-BF4B-00C04F79EFBC}") = "Week5Notes", "Week5Notes\Week5Notes.csproj", "{1C724324-1819-43FB-8129-0F79C4E6607B}"
EndProject
Global
	GlobalSection(SolutionConfigurationPlatforms) = preSolution
		Debug|Any CPU = Debug|Any CPU
		Release|Any CPU = Release|Any CPU
	EndGlobalSection
	GlobalSection(ProjectConfigurationPlatforms) = postSolution
		{1C724324-1819-43FB-8129-0F79C4E6607B}.Debug|Any CPU.ActiveCfg = Debug|Any CPU
		{1C724324-1819-43FB-8129-0F79C4E6607B}.Debug|Any CPU.Build.0 = Debug|Any CPU
		{1C724324-1819-43FB-8129-0F79C4E6607B}.Release|Any CPU.ActiveCfg = Release|Any CPU
		{1C724324-1819-43FB-8129-0F79C4E6607B}.Release|Any CPU.Build.0 = Release|Any CPU
	EndGlobalSection
	GlobalSection(SolutionProperties) = preSolution
		HideSolutionNode = FALSE
	EndGlobalSection
	GlobalSection(ExtensibilityGlobals) = postSolution
		SolutionGuid = {619B29F8-4F9E-4A41-BA36-4DA7CAE2AAC6}
	EndGlobalSection
EndGlobal
